
Microsoft Visual Studio Solution File, Format Version 12.00
# Visual Studio Version 17
VisualStudioVersion = 17.4.33213.308
MinimumVisualStudioVersion = 10.0.40219.1
Project("{2150E333-8FDC-42A3-9474-1A3956D46DE8}") = "Services", "Services", "{D4FDB967-5527-4F84-B2F8-FE73B6C97DF5}"
EndProject
Project("{2150E333-8FDC-42A3-9474-1A3956D46DE8}") = "Catalog", "Catalog", "{9E1A6F85-AEEA-4E02-99F7-E17C4B055B92}"
EndProject
Project("{FAE04EC0-301F-11D3-BF4B-00C04F79EFBC}") = "Catalog.API", "Services\Catalog\Catalog.API\Catalog.API.csproj", "{0E405F29-5FE3-4633-A94A-D08AEE8D01BF}"
EndProject
Project("{E53339B2-1760-4266-BCC7-CA923CBCF16C}") = "docker-compose", "docker-compose.dcproj", "{B7B4AF78-8F4C-4DF5-8531-2DDE43430F95}"
EndProject
Global
	GlobalSection(SolutionConfigurationPlatforms) = preSolution
		Debug|Any CPU = Debug|Any CPU
		Release|Any CPU = Release|Any CPU
	EndGlobalSection
	GlobalSection(ProjectConfigurationPlatforms) = postSolution
		{0E405F29-5FE3-4633-A94A-D08AEE8D01BF}.Debug|Any CPU.ActiveCfg = Debug|Any CPU
		{0E405F29-5FE3-4633-A94A-D08AEE8D01BF}.Debug|Any CPU.Build.0 = Debug|Any CPU
		{0E405F29-5FE3-4633-A94A-D08AEE8D01BF}.Release|Any CPU.ActiveCfg = Release|Any CPU
		{0E405F29-5FE3-4633-A94A-D08AEE8D01BF}.Release|Any CPU.Build.0 = Release|Any CPU
		{B7B4AF78-8F4C-4DF5-8531-2DDE43430F95}.Debug|Any CPU.ActiveCfg = Debug|Any CPU
		{B7B4AF78-8F4C-4DF5-8531-2DDE43430F95}.Debug|Any CPU.Build.0 = Debug|Any CPU
		{B7B4AF78-8F4C-4DF5-8531-2DDE43430F95}.Release|Any CPU.ActiveCfg = Release|Any CPU
		{B7B4AF78-8F4C-4DF5-8531-2DDE43430F95}.Release|Any CPU.Build.0 = Release|Any CPU
	EndGlobalSection
	GlobalSection(SolutionProperties) = preSolution
		HideSolutionNode = FALSE
	EndGlobalSection
	GlobalSection(NestedProjects) = preSolution
		{9E1A6F85-AEEA-4E02-99F7-E17C4B055B92} = {D4FDB967-5527-4F84-B2F8-FE73B6C97DF5}
		{0E405F29-5FE3-4633-A94A-D08AEE8D01BF} = {9E1A6F85-AEEA-4E02-99F7-E17C4B055B92}
	EndGlobalSection
	GlobalSection(ExtensibilityGlobals) = postSolution
		SolutionGuid = {A70039A1-F53A-4135-A7DC-DDC845FD02BB}
	EndGlobalSection
EndGlobal
